Microsoft Visual Studio Solution File, Format Version 12.00
# Visual Studio Version 17
VisualStudioVersion = 17.5.2.0
MinimumVisualStudioVersion = 10.0.40219.1
Project("{FAE04EC0-301F-11D3-BF4B-00C04F79EFBC}") = "proiect_cruce", "proiect_cruce.csproj", "{CA87A8CD-9A03-CEA1-5BB0-535CE27B24B4}"
EndProject
Global
	GlobalSection(SolutionConfigurationPlatforms) = preSolution
		Debug|Any CPU = Debug|Any CPU
		Release|Any CPU = Release|Any CPU
	EndGlobalSection
	GlobalSection(ProjectConfigurationPlatforms) = postSolution
		{CA87A8CD-9A03-CEA1-5BB0-535CE27B24B4}.Debug|Any CPU.ActiveCfg = Debug|Any CPU
		{CA87A8CD-9A03-CEA1-5BB0-535CE27B24B4}.Debug|Any CPU.Build.0 = Debug|Any CPU
		{CA87A8CD-9A03-CEA1-5BB0-535CE27B24B4}.Release|Any CPU.ActiveCfg = Release|Any CPU
		{CA87A8CD-9A03-CEA1-5BB0-535CE27B24B4}.Release|Any CPU.Build.0 = Release|Any CPU
	EndGlobalSection
	GlobalSection(SolutionProperties) = preSolution
		HideSolutionNode = FALSE
	EndGlobalSection
	GlobalSection(ExtensibilityGlobals) = postSolution
		SolutionGuid = {DE4DF93A-C591-416A-9B08-F2ACE7407956}
	EndGlobalSection
EndGlobal
